speakeasyVersion: 1.801.0
sources:
    authlete-OAS:
        sourceNamespace: authlete-oas
        sourceRevisionDigest: sha256:83ecef55bb42be97c5af1eb5e388a40abb8b02b22235d86842e512f18a56bea3
        sourceBlobDigest: sha256:27213cefcd6a4502458beedca6b210f476400778ec7a31ec9800c3742012b0e8
        tags:
            - latest
            - 3.0.16
targets:
    authlete:
        source: authlete-OAS
        sourceNamespace: authlete-oas
        sourceRevisionDigest: sha256:83ecef55bb42be97c5af1eb5e388a40abb8b02b22235d86842e512f18a56bea3
        sourceBlobDigest: sha256:27213cefcd6a4502458beedca6b210f476400778ec7a31ec9800c3742012b0e8
        codeSamplesNamespace: authlete-oas-ruby-code-samples
        codeSamplesRevisionDigest: sha256:1d33ccbafcaed65bb850907701030be15a7ec6c71286fdce8d2dbcad5de866fa
workflow:
    workflowVersion: 1.0.0
    speakeasyVersion: latest
    sources:
        authlete-OAS:
            inputs:
                - location: https://raw.githubusercontent.com/authlete/openapi/refs/heads/main/spec_next.yaml
            overlays:
                - location: .speakeasy/speakeasy-modifications-overlay.yaml
            output: .speakeasy/out.openapi.yaml
            registry:
                location: registry.speakeasyapi.dev/authlete/sdk-workspace/authlete-oas
    targets:
        authlete:
            target: ruby
            source: authlete-OAS
            publish:
                rubygems:
                    token: $rubygems_auth_token
            codeSamples:
                registry:
                    location: registry.speakeasyapi.dev/authlete/sdk-workspace/authlete-oas-ruby-code-samples
                labelOverride:
                    fixedValue: Ruby (SDK)
                blocking: false
