speakeasyVersion: 1.689.0
sources:
    authlete-OAS:
        sourceNamespace: authlete-oas
        sourceRevisionDigest: sha256:15bedc5ab10eae054d741ab4de588bc6ebe5cc3f9288a141bd2c104901956810
        sourceBlobDigest: sha256:2c2445b51ac26b45e29dc66e1ba88971ba02272037acd3d93817c2ef0809a389
        tags:
            - latest
            - speakeasy-sdk-regen-1768881010
            - 3.0.16
targets:
    authlete:
        source: authlete-OAS
        sourceNamespace: authlete-oas
        sourceRevisionDigest: sha256:15bedc5ab10eae054d741ab4de588bc6ebe5cc3f9288a141bd2c104901956810
        sourceBlobDigest: sha256:2c2445b51ac26b45e29dc66e1ba88971ba02272037acd3d93817c2ef0809a389
        codeSamplesNamespace: authlete-oas-ruby-code-samples
        codeSamplesRevisionDigest: sha256:7b8cc62221b77ef2e8314a75c4e451ec54ff1b97762606af6c2152c680c2ee45
workflow:
    workflowVersion: 1.0.0
    speakeasyVersion: latest
    sources:
        authlete-OAS:
            inputs:
                - location: registry.speakeasyapi.dev/authlete/sdk-workspace/authlete-api-explorer:main
            overlays:
                - location: .speakeasy/speakeasy-modifications-overlay.yaml
            output: .speakeasy/out.openapi.yaml
            registry:
                location: registry.speakeasyapi.dev/authlete/sdk-workspace/authlete-oas
    targets:
        authlete:
            target: ruby
            source: authlete-OAS
            publish:
                rubygems:
                    token: $rubygems_auth_token
            codeSamples:
                registry:
                    location: registry.speakeasyapi.dev/authlete/sdk-workspace/authlete-oas-ruby-code-samples
                labelOverride:
                    fixedValue: Ruby (SDK)
                blocking: false
