speakeasyVersion: 1.761.8
sources:
    authlete-OAS:
        sourceNamespace: authlete-oas
        sourceRevisionDigest: sha256:9b8f4de9a1e2261181c65190b8fc9c6f957ee1a46818cb27f2be8c79d51a3690
        sourceBlobDigest: sha256:bcea6c42034fe5e7926779f965ff49592d9e7775ac12658afbb679d61bead33f
        tags:
            - latest
            - 3.0.16
targets:
    authlete:
        source: authlete-OAS
        sourceNamespace: authlete-oas
        sourceRevisionDigest: sha256:9b8f4de9a1e2261181c65190b8fc9c6f957ee1a46818cb27f2be8c79d51a3690
        sourceBlobDigest: sha256:bcea6c42034fe5e7926779f965ff49592d9e7775ac12658afbb679d61bead33f
        codeSamplesNamespace: authlete-oas-ruby-code-samples
        codeSamplesRevisionDigest: sha256:83c54d1a8281c51303b07cfc523d28eece5266adac9b2c3460e5584905a262ee
workflow:
    workflowVersion: 1.0.0
    speakeasyVersion: latest
    sources:
        authlete-OAS:
            inputs:
                - location: https://raw.githubusercontent.com/authlete/openapi/refs/heads/main/spec_next.yaml
            overlays:
                - location: .speakeasy/speakeasy-modifications-overlay.yaml
            output: .speakeasy/out.openapi.yaml
            registry:
                location: registry.speakeasyapi.dev/authlete/sdk-workspace/authlete-oas
    targets:
        authlete:
            target: ruby
            source: authlete-OAS
            publish:
                rubygems:
                    token: $rubygems_auth_token
            codeSamples:
                registry:
                    location: registry.speakeasyapi.dev/authlete/sdk-workspace/authlete-oas-ruby-code-samples
                labelOverride:
                    fixedValue: Ruby (SDK)
                blocking: false
